{
  "nodes": {
    "nixpkgs": {
      "locked": {
        "lastModified": 1701374686,
        "narHash": "sha256-xaJPtgvTuUGSPba8p3+ezCJjKnVij77ai8OE2bnTC0E=",
        "owner": "NixOS",
        "repo": "nixpkgs",
        "rev": "1bce6a1791a513af2727e5b668b3cd9ba76cb0bf",
        "type": "github"
      },
      "original": {
        "owner": "NixOS",
        "ref": "nixos-23.11-small",
        "repo": "nixpkgs",
        "type": "github"
      }
    },
    "root": {
      "inputs": {
        "nixpkgs": "nixpkgs"
      }
    }
  },
  "root": "root",
  "version": 7
}
